
Microsoft Visual Studio Solution File, Format Version 12.00
# Visual Studio Version 16
VisualStudioVersion = 16.0.30621.155
MinimumVisualStudioVersion = 10.0.40219.1
Project("{FAE04EC0-301F-11D3-BF4B-00C04F79EFBC}") = "SW2TP02", "SW2TP02\SW2TP02.csproj", "{C20C9F70-5505-4217-A2FD-C5BE73E15300}"
EndProject
Global
	GlobalSection(SolutionConfigurationPlatforms) = preSolution
		Debug|Any CPU = Debug|Any CPU
		Release|Any CPU = Release|Any CPU
	EndGlobalSection
	GlobalSection(ProjectConfigurationPlatforms) = postSolution
		{C20C9F70-5505-4217-A2FD-C5BE73E15300}.Debug|Any CPU.ActiveCfg = Debug|Any CPU
		{C20C9F70-5505-4217-A2FD-C5BE73E15300}.Debug|Any CPU.Build.0 = Debug|Any CPU
		{C20C9F70-5505-4217-A2FD-C5BE73E15300}.Release|Any CPU.ActiveCfg = Release|Any CPU
		{C20C9F70-5505-4217-A2FD-C5BE73E15300}.Release|Any CPU.Build.0 = Release|Any CPU
	EndGlobalSection
	GlobalSection(SolutionProperties) = preSolution
		HideSolutionNode = FALSE
	EndGlobalSection
	GlobalSection(ExtensibilityGlobals) = postSolution
		SolutionGuid = {DB465A4F-4287-4703-A721-BFD9CCD40C13}
	EndGlobalSection
EndGlobal
